
Microsoft Visual Studio Solution File, Format Version 12.00
# Visual Studio Version 17
VisualStudioVersion = 17.0.31903.59
MinimumVisualStudioVersion = 10.0.40219.1
Project("{FAE04EC0-301F-11D3-BF4B-00C04F79EFBC}") = "Data", "src\Data\Data.csproj", "{FDE22E9E-EA0C-48A0-9672-9B04896CBEC9}"
EndProject
Project("{2150E333-8FDC-42A3-9474-1A3956D46DE8}") = "src", "src", "{827E0CD3-B72D-47B6-A68D-7590B98EB39B}"
EndProject
Project("{FAE04EC0-301F-11D3-BF4B-00C04F79EFBC}") = "Api", "src\Api\Api.csproj", "{0E5080B2-1197-499D-8E03-1461A6C42400}"
EndProject
Global
	GlobalSection(SolutionConfigurationPlatforms) = preSolution
		Debug|Any CPU = Debug|Any CPU
		Debug|x64 = Debug|x64
		Debug|x86 = Debug|x86
		Release|Any CPU = Release|Any CPU
		Release|x64 = Release|x64
		Release|x86 = Release|x86
	EndGlobalSection
	GlobalSection(ProjectConfigurationPlatforms) = postSolution
		{FDE22E9E-EA0C-48A0-9672-9B04896CBEC9}.Debug|Any CPU.ActiveCfg = Debug|Any CPU
		{FDE22E9E-EA0C-48A0-9672-9B04896CBEC9}.Debug|Any CPU.Build.0 = Debug|Any CPU
		{FDE22E9E-EA0C-48A0-9672-9B04896CBEC9}.Debug|x64.ActiveCfg = Debug|Any CPU
		{FDE22E9E-EA0C-48A0-9672-9B04896CBEC9}.Debug|x64.Build.0 = Debug|Any CPU
		{FDE22E9E-EA0C-48A0-9672-9B04896CBEC9}.Debug|x86.ActiveCfg = Debug|Any CPU
		{FDE22E9E-EA0C-48A0-9672-9B04896CBEC9}.Debug|x86.Build.0 = Debug|Any CPU
		{FDE22E9E-EA0C-48A0-9672-9B04896CBEC9}.Release|Any CPU.ActiveCfg = Release|Any CPU
		{FDE22E9E-EA0C-48A0-9672-9B04896CBEC9}.Release|Any CPU.Build.0 = Release|Any CPU
		{FDE22E9E-EA0C-48A0-9672-9B04896CBEC9}.Release|x64.ActiveCfg = Release|Any CPU
		{FDE22E9E-EA0C-48A0-9672-9B04896CBEC9}.Release|x64.Build.0 = Release|Any CPU
		{FDE22E9E-EA0C-48A0-9672-9B04896CBEC9}.Release|x86.ActiveCfg = Release|Any CPU
		{FDE22E9E-EA0C-48A0-9672-9B04896CBEC9}.Release|x86.Build.0 = Release|Any CPU
		{0E5080B2-1197-499D-8E03-1461A6C42400}.Debug|Any CPU.ActiveCfg = Debug|Any CPU
		{0E5080B2-1197-499D-8E03-1461A6C42400}.Debug|Any CPU.Build.0 = Debug|Any CPU
		{0E5080B2-1197-499D-8E03-1461A6C42400}.Debug|x64.ActiveCfg = Debug|Any CPU
		{0E5080B2-1197-499D-8E03-1461A6C42400}.Debug|x64.Build.0 = Debug|Any CPU
		{0E5080B2-1197-499D-8E03-1461A6C42400}.Debug|x86.ActiveCfg = Debug|Any CPU
		{0E5080B2-1197-499D-8E03-1461A6C42400}.Debug|x86.Build.0 = Debug|Any CPU
		{0E5080B2-1197-499D-8E03-1461A6C42400}.Release|Any CPU.ActiveCfg = Release|Any CPU
		{0E5080B2-1197-499D-8E03-1461A6C42400}.Release|Any CPU.Build.0 = Release|Any CPU
		{0E5080B2-1197-499D-8E03-1461A6C42400}.Release|x64.ActiveCfg = Release|Any CPU
		{0E5080B2-1197-499D-8E03-1461A6C42400}.Release|x64.Build.0 = Release|Any CPU
		{0E5080B2-1197-499D-8E03-1461A6C42400}.Release|x86.ActiveCfg = Release|Any CPU
		{0E5080B2-1197-499D-8E03-1461A6C42400}.Release|x86.Build.0 = Release|Any CPU
	EndGlobalSection
	GlobalSection(SolutionProperties) = preSolution
		HideSolutionNode = FALSE
	EndGlobalSection
	GlobalSection(NestedProjects) = preSolution
		{0E5080B2-1197-499D-8E03-1461A6C42400} = {827E0CD3-B72D-47B6-A68D-7590B98EB39B}
	EndGlobalSection
EndGlobal
